
Microsoft Visual Studio Solution File, Format Version 12.00
# Visual Studio Version 17
VisualStudioVersion = 17.7.34031.279
MinimumVisualStudioVersion = 10.0.40219.1
Project("{FAE04EC0-301F-11D3-BF4B-00C04F79EFBC}") = "Consalud.API.Test", "Consalud.API.Test\Consalud.API.Test.csproj", "{7C077F3B-FEF5-4713-8701-B5AA4A26D8D0}"
EndProject
Project("{FAE04EC0-301F-11D3-BF4B-00C04F79EFBC}") = "Consalud.Domain", "Consalud.Domain\Consalud.Domain.csproj", "{109AF419-61F1-4F51-85CC-A355C125FFDC}"
EndProject
Project("{FAE04EC0-301F-11D3-BF4B-00C04F79EFBC}") = "Consalud.Model", "Consalud.Model\Consalud.Model.csproj", "{27A803F8-7DB3-456C-BC92-54ECA3765539}"
EndProject
Project("{FAE04EC0-301F-11D3-BF4B-00C04F79EFBC}") = "Consalud.Manager", "Consalud.Manager\Consalud.Manager.csproj", "{A9BA0D87-10D9-4187-9473-EC40F15D3BAB}"
EndProject
Global
	GlobalSection(SolutionConfigurationPlatforms) = preSolution
		Debug|Any CPU = Debug|Any CPU
		Release|Any CPU = Release|Any CPU
	EndGlobalSection
	GlobalSection(ProjectConfigurationPlatforms) = postSolution
		{7C077F3B-FEF5-4713-8701-B5AA4A26D8D0}.Debug|Any CPU.ActiveCfg = Debug|Any CPU
		{7C077F3B-FEF5-4713-8701-B5AA4A26D8D0}.Debug|Any CPU.Build.0 = Debug|Any CPU
		{7C077F3B-FEF5-4713-8701-B5AA4A26D8D0}.Release|Any CPU.ActiveCfg = Release|Any CPU
		{7C077F3B-FEF5-4713-8701-B5AA4A26D8D0}.Release|Any CPU.Build.0 = Release|Any CPU
		{109AF419-61F1-4F51-85CC-A355C125FFDC}.Debug|Any CPU.ActiveCfg = Debug|Any CPU
		{109AF419-61F1-4F51-85CC-A355C125FFDC}.Debug|Any CPU.Build.0 = Debug|Any CPU
		{109AF419-61F1-4F51-85CC-A355C125FFDC}.Release|Any CPU.ActiveCfg = Release|Any CPU
		{109AF419-61F1-4F51-85CC-A355C125FFDC}.Release|Any CPU.Build.0 = Release|Any CPU
		{27A803F8-7DB3-456C-BC92-54ECA3765539}.Debug|Any CPU.ActiveCfg = Debug|Any CPU
		{27A803F8-7DB3-456C-BC92-54ECA3765539}.Debug|Any CPU.Build.0 = Debug|Any CPU
		{27A803F8-7DB3-456C-BC92-54ECA3765539}.Release|Any CPU.ActiveCfg = Release|Any CPU
		{27A803F8-7DB3-456C-BC92-54ECA3765539}.Release|Any CPU.Build.0 = Release|Any CPU
		{A9BA0D87-10D9-4187-9473-EC40F15D3BAB}.Debug|Any CPU.ActiveCfg = Debug|Any CPU
		{A9BA0D87-10D9-4187-9473-EC40F15D3BAB}.Debug|Any CPU.Build.0 = Debug|Any CPU
		{A9BA0D87-10D9-4187-9473-EC40F15D3BAB}.Release|Any CPU.ActiveCfg = Release|Any CPU
		{A9BA0D87-10D9-4187-9473-EC40F15D3BAB}.Release|Any CPU.Build.0 = Release|Any CPU
	EndGlobalSection
	GlobalSection(SolutionProperties) = preSolution
		HideSolutionNode = FALSE
	EndGlobalSection
	GlobalSection(ExtensibilityGlobals) = postSolution
		SolutionGuid = {A335F166-F52C-4A25-A457-D50DB54AD3E0}
	EndGlobalSection
EndGlobal
